
Microsoft Visual Studio Solution File, Format Version 12.00
Project("{2150E333-8FDC-42A3-9474-1A3956D46DE8}") = "Adapters", "Adapters", "{13F60A3C-5C1F-43AE-9013-13658E7475E0}"
EndProject
Project("{2150E333-8FDC-42A3-9474-1A3956D46DE8}") = "Core", "Core", "{34D1F417-B8DF-46FB-AB1D-47EB8A3463FC}"
EndProject
Project("{2150E333-8FDC-42A3-9474-1A3956D46DE8}") = "Driving", "Driving", "{8E75D50D-A60B-4CBD-9585-A4E8403C50D2}"
EndProject
Project("{2150E333-8FDC-42A3-9474-1A3956D46DE8}") = "Driven", "Driven", "{64F56A7A-A907-4F72-BEA9-597114E88F16}"
EndProject
Project("{2150E333-8FDC-42A3-9474-1A3956D46DE8}") = "Application", "Application", "{8BF3C2F5-6A84-489E-9B11-ED5A942D2558}"
EndProject
Project("{2150E333-8FDC-42A3-9474-1A3956D46DE8}") = "Domain", "Domain", "{8CA43A99-7B65-48FC-B382-E06F85982A0F}"
EndProject
Project("{2150E333-8FDC-42A3-9474-1A3956D46DE8}") = "Tests", "Tests", "{C5EE8D19-159A-475B-BA63-1430B7A686FC}"
EndProject
Project("{FAE04EC0-301F-11D3-BF4B-00C04F79EFBC}") = "Person.Core.Domain", "Core\Domain\Person.Core.Domain\Person.Core.Domain.csproj", "{2CFBDAC6-DE0E-4576-B42E-F48F1E7FB592}"
EndProject
Project("{2150E333-8FDC-42A3-9474-1A3956D46DE8}") = "Database", "Database", "{9719B5AA-BC80-4A35-A6AC-38FC147FAD1C}"
EndProject
Project("{FAE04EC0-301F-11D3-BF4B-00C04F79EFBC}") = "Person.Adapter.Driven.Database", "Adapters\Driven\Database\Person.Adapter.Driven.Database\Person.Adapter.Driven.Database.csproj", "{E80BB418-CD80-4074-A502-5C87A85887B7}"
EndProject
Project("{FAE04EC0-301F-11D3-BF4B-00C04F79EFBC}") = "Person.Application", "Core\Application\Person.Application\Person.Application.csproj", "{06A66BAE-D273-4756-ADEF-D582AD85B6CC}"
EndProject
Project("{2150E333-8FDC-42A3-9474-1A3956D46DE8}") = "Integrations", "Integrations", "{5ED3CCF1-83CC-4E08-AFE6-C0974E65AD20}"
EndProject
Project("{2150E333-8FDC-42A3-9474-1A3956D46DE8}") = "Producer", "Producer", "{FA800143-AF24-4437-8E80-C484E68711F9}"
EndProject
Project("{FAE04EC0-301F-11D3-BF4B-00C04F79EFBC}") = "Person.Adapter.Driven.integration.Producer", "Adapters\Driven\Integrartions\Producer\Person.Adapter.Driven.integration.Producer\Person.Adapter.Driven.integration.Producer.csproj", "{AF44AD1B-FE1A-4D94-BBA2-3369E67F003E}"
EndProject
Project("{2150E333-8FDC-42A3-9474-1A3956D46DE8}") = "Api", "Api", "{077EDA2C-47E3-429F-BE19-69DAB9E602F9}"
EndProject
Project("{FAE04EC0-301F-11D3-BF4B-00C04F79EFBC}") = "Person.Adpater.Driving.Api", "Adapters\Driving\Api\Person.Adpater.Driving.Api\Person.Adpater.Driving.Api.csproj", "{9A7B9276-56AF-4DAE-9D21-24EB9FD5082E}"
EndProject
Global
	GlobalSection(SolutionConfigurationPlatforms) = preSolution
		Debug|Any CPU = Debug|Any CPU
		Release|Any CPU = Release|Any CPU
	EndGlobalSection
	GlobalSection(NestedProjects) = preSolution
		{8E75D50D-A60B-4CBD-9585-A4E8403C50D2} = {13F60A3C-5C1F-43AE-9013-13658E7475E0}
		{64F56A7A-A907-4F72-BEA9-597114E88F16} = {13F60A3C-5C1F-43AE-9013-13658E7475E0}
		{8BF3C2F5-6A84-489E-9B11-ED5A942D2558} = {34D1F417-B8DF-46FB-AB1D-47EB8A3463FC}
		{8CA43A99-7B65-48FC-B382-E06F85982A0F} = {34D1F417-B8DF-46FB-AB1D-47EB8A3463FC}
		{2CFBDAC6-DE0E-4576-B42E-F48F1E7FB592} = {8CA43A99-7B65-48FC-B382-E06F85982A0F}
		{9719B5AA-BC80-4A35-A6AC-38FC147FAD1C} = {64F56A7A-A907-4F72-BEA9-597114E88F16}
		{E80BB418-CD80-4074-A502-5C87A85887B7} = {9719B5AA-BC80-4A35-A6AC-38FC147FAD1C}
		{06A66BAE-D273-4756-ADEF-D582AD85B6CC} = {8BF3C2F5-6A84-489E-9B11-ED5A942D2558}
		{5ED3CCF1-83CC-4E08-AFE6-C0974E65AD20} = {64F56A7A-A907-4F72-BEA9-597114E88F16}
		{FA800143-AF24-4437-8E80-C484E68711F9} = {5ED3CCF1-83CC-4E08-AFE6-C0974E65AD20}
		{AF44AD1B-FE1A-4D94-BBA2-3369E67F003E} = {FA800143-AF24-4437-8E80-C484E68711F9}
		{077EDA2C-47E3-429F-BE19-69DAB9E602F9} = {8E75D50D-A60B-4CBD-9585-A4E8403C50D2}
		{9A7B9276-56AF-4DAE-9D21-24EB9FD5082E} = {077EDA2C-47E3-429F-BE19-69DAB9E602F9}
	EndGlobalSection
	GlobalSection(ProjectConfigurationPlatforms) = postSolution
		{2CFBDAC6-DE0E-4576-B42E-F48F1E7FB592}.Debug|Any CPU.ActiveCfg = Debug|Any CPU
		{2CFBDAC6-DE0E-4576-B42E-F48F1E7FB592}.Debug|Any CPU.Build.0 = Debug|Any CPU
		{2CFBDAC6-DE0E-4576-B42E-F48F1E7FB592}.Release|Any CPU.ActiveCfg = Release|Any CPU
		{2CFBDAC6-DE0E-4576-B42E-F48F1E7FB592}.Release|Any CPU.Build.0 = Release|Any CPU
		{E80BB418-CD80-4074-A502-5C87A85887B7}.Debug|Any CPU.ActiveCfg = Debug|Any CPU
		{E80BB418-CD80-4074-A502-5C87A85887B7}.Debug|Any CPU.Build.0 = Debug|Any CPU
		{E80BB418-CD80-4074-A502-5C87A85887B7}.Release|Any CPU.ActiveCfg = Release|Any CPU
		{E80BB418-CD80-4074-A502-5C87A85887B7}.Release|Any CPU.Build.0 = Release|Any CPU
		{06A66BAE-D273-4756-ADEF-D582AD85B6CC}.Debug|Any CPU.ActiveCfg = Debug|Any CPU
		{06A66BAE-D273-4756-ADEF-D582AD85B6CC}.Debug|Any CPU.Build.0 = Debug|Any CPU
		{06A66BAE-D273-4756-ADEF-D582AD85B6CC}.Release|Any CPU.ActiveCfg = Release|Any CPU
		{06A66BAE-D273-4756-ADEF-D582AD85B6CC}.Release|Any CPU.Build.0 = Release|Any CPU
		{AF44AD1B-FE1A-4D94-BBA2-3369E67F003E}.Debug|Any CPU.ActiveCfg = Debug|Any CPU
		{AF44AD1B-FE1A-4D94-BBA2-3369E67F003E}.Debug|Any CPU.Build.0 = Debug|Any CPU
		{AF44AD1B-FE1A-4D94-BBA2-3369E67F003E}.Release|Any CPU.ActiveCfg = Release|Any CPU
		{AF44AD1B-FE1A-4D94-BBA2-3369E67F003E}.Release|Any CPU.Build.0 = Release|Any CPU
		{9A7B9276-56AF-4DAE-9D21-24EB9FD5082E}.Debug|Any CPU.ActiveCfg = Debug|Any CPU
		{9A7B9276-56AF-4DAE-9D21-24EB9FD5082E}.Debug|Any CPU.Build.0 = Debug|Any CPU
		{9A7B9276-56AF-4DAE-9D21-24EB9FD5082E}.Release|Any CPU.ActiveCfg = Release|Any CPU
		{9A7B9276-56AF-4DAE-9D21-24EB9FD5082E}.Release|Any CPU.Build.0 = Release|Any CPU
	EndGlobalSection
EndGlobal
